
Microsoft Visual Studio Solution File, Format Version 12.00
# Visual Studio Version 17
VisualStudioVersion = 17.2.32630.192
MinimumVisualStudioVersion = 10.0.40219.1
Project("{FAE04EC0-301F-11D3-BF4B-00C04F79EFBC}") = "patient_card", "patient_card.csproj", "{B70C30EA-9907-4605-879B-CB53E4ED8CFF}"
EndProject
Global
	GlobalSection(SolutionConfigurationPlatforms) = preSolution
		Debug|Any CPU = Debug|Any CPU
		Release|Any CPU = Release|Any CPU
	EndGlobalSection
	GlobalSection(ProjectConfigurationPlatforms) = postSolution
		{B70C30EA-9907-4605-879B-CB53E4ED8CFF}.Debug|Any CPU.ActiveCfg = Debug|Any CPU
		{B70C30EA-9907-4605-879B-CB53E4ED8CFF}.Debug|Any CPU.Build.0 = Debug|Any CPU
		{B70C30EA-9907-4605-879B-CB53E4ED8CFF}.Release|Any CPU.ActiveCfg = Release|Any CPU
		{B70C30EA-9907-4605-879B-CB53E4ED8CFF}.Release|Any CPU.Build.0 = Release|Any CPU
	EndGlobalSection
	GlobalSection(SolutionProperties) = preSolution
		HideSolutionNode = FALSE
	EndGlobalSection
	GlobalSection(ExtensibilityGlobals) = postSolution
		SolutionGuid = {3FCB2A0D-42C6-4105-87E1-AA6CEBBBD567}
	EndGlobalSection
EndGlobal
